
Microsoft Visual Studio Solution File, Format Version 12.00
# Visual Studio Version 17
VisualStudioVersion = 17.9.34728.123
MinimumVisualStudioVersion = 10.0.40219.1
Project("{FAE04EC0-301F-11D3-BF4B-00C04F79EFBC}") = "ReversePolish", "ReversePolish.csproj", "{35629607-DFFD-436B-ADE3-D2FB1F337D40}"
EndProject
Project("{FAE04EC0-301F-11D3-BF4B-00C04F79EFBC}") = "Tests", "..\Tests\Tests.csproj", "{A183DEE0-290C-46DD-B4CD-9BCAC32889B1}"
EndProject
Global
	GlobalSection(SolutionConfigurationPlatforms) = preSolution
		Debug|Any CPU = Debug|Any CPU
		Release|Any CPU = Release|Any CPU
	EndGlobalSection
	GlobalSection(ProjectConfigurationPlatforms) = postSolution
		{35629607-DFFD-436B-ADE3-D2FB1F337D40}.Debug|Any CPU.ActiveCfg = Debug|Any CPU
		{35629607-DFFD-436B-ADE3-D2FB1F337D40}.Debug|Any CPU.Build.0 = Debug|Any CPU
		{35629607-DFFD-436B-ADE3-D2FB1F337D40}.Debug|Any CPU.Deploy.0 = Debug|Any CPU
		{35629607-DFFD-436B-ADE3-D2FB1F337D40}.Release|Any CPU.ActiveCfg = Release|Any CPU
		{35629607-DFFD-436B-ADE3-D2FB1F337D40}.Release|Any CPU.Build.0 = Release|Any CPU
		{35629607-DFFD-436B-ADE3-D2FB1F337D40}.Release|Any CPU.Deploy.0 = Release|Any CPU
		{A183DEE0-290C-46DD-B4CD-9BCAC32889B1}.Debug|Any CPU.ActiveCfg = Debug|Any CPU
		{A183DEE0-290C-46DD-B4CD-9BCAC32889B1}.Debug|Any CPU.Build.0 = Debug|Any CPU
		{A183DEE0-290C-46DD-B4CD-9BCAC32889B1}.Release|Any CPU.ActiveCfg = Release|Any CPU
		{A183DEE0-290C-46DD-B4CD-9BCAC32889B1}.Release|Any CPU.Build.0 = Release|Any CPU
	EndGlobalSection
	GlobalSection(SolutionProperties) = preSolution
		HideSolutionNode = FALSE
	EndGlobalSection
	GlobalSection(ExtensibilityGlobals) = postSolution
		SolutionGuid = {87CA578B-AC89-4EA8-A0B9-4758204190D7}
	EndGlobalSection
EndGlobal
